hash: e82ebbc38bf6c08b890af048d6b87a06a469af80a7258b095f35f77f80f6edb0
updated: 2017-05-22T10:22:36.7896+08:00
imports:
- name: github.com/alecthomas/log4go
  version: 18d87da5025a6e8bd58dede5ecffe3f62115bc4f
- name: github.com/inconshreveable/mousetrap
  version: 76626ae9c91c4f2a10f34cad8ce83ea42c93bb75
- name: github.com/klauspost/compress
  version: e80ca55b53e5e6f53deed5c7842e7b7da95e1dc7
  subpackages:
  - flate
  - gzip
  - zlib
- name: github.com/klauspost/cpuid
  version: 09cded8978dc9e80714c4d85b0322337b0a1e5e0
- name: github.com/pquerna/ffjson
  version: 0a1032732ea92f86ab22e27b9d55cd182f2f4a1b
  subpackages:
  - ffjson
  - fflib/v1
  - fflib/v1/internal
- name: github.com/rcrowley/go-metrics
  version: 1f30fe9094a513ce4c700b9a54458bbb0c96996c
- name: github.com/valyala/fasthttp
  version: d42167fd04f636e20b005e9934159e95454233c7
  subpackages:
  - fasthttputil
- name: golang.org/x/net
  version: a6577fac2d73be281a500b310739095313165611
  subpackages:
  - proxy
- name: gopkg.in/vmihailenco/msgpack.v2
  version: f4f8982de4ef0de18be76456617cc3f5d8d8141e
- name: gopkg.in/yaml.v2
  version: cd8b52f8269e0feb286dfeef29f8fe4d5b397e0b
testImports: []
